
Microsoft Visual Studio Solution File, Format Version 12.00
# Visual Studio Version 17
VisualStudioVersion = 17.0.31903.59
MinimumVisualStudioVersion = 10.0.40219.1
Project("{FAE04EC0-301F-11D3-BF4B-00C04F79EFBC}") = "FreshFood.API", "Services\Store\FreshFood.API\FreshFood.API.csproj", "{DCBDA87D-E02D-42F9-BAD8-693827D1434F}"
EndProject
Project("{FAE04EC0-301F-11D3-BF4B-00C04F79EFBC}") = "FreshFood.Domain", "Services\Store\FreshFood.Domain\FreshFood.Domain.csproj", "{4166D863-969A-4962-B144-76C2B964CA84}"
EndProject
Project("{FAE04EC0-301F-11D3-BF4B-00C04F79EFBC}") = "FreshFood.Application", "Services\Store\FreshFood.Application\FreshFood.Application.csproj", "{82E20107-43CF-4725-B9CF-2564B8F4A8DA}"
EndProject
Project("{FAE04EC0-301F-11D3-BF4B-00C04F79EFBC}") = "FreshFood.Infrastructure", "Services\Store\FreshFood.Infrastructure\FreshFood.Infrastructure.csproj", "{7E7B9BE5-0372-490C-B0F0-FA3D1B5914A9}"
EndProject
Project("{2150E333-8FDC-42A3-9474-1A3956D46DE8}") = "Services", "Services", "{5854FF58-B8C5-05C6-5BF2-ACE42193F22B}"
EndProject
Project("{2150E333-8FDC-42A3-9474-1A3956D46DE8}") = "Gateway", "Gateway", "{96888889-FC81-1FD9-7DA3-65FF32B7E052}"
EndProject
Project("{FAE04EC0-301F-11D3-BF4B-00C04F79EFBC}") = "APIGateway", "Services\Gateway\APIGateway\APIGateway.csproj", "{BF51C05E-6972-4E54-B128-0E79E180005F}"
EndProject
Project("{2150E333-8FDC-42A3-9474-1A3956D46DE8}") = "Identity", "Identity", "{357A7C97-5AE1-023F-1442-0D9F9AF22A31}"
EndProject
Project("{FAE04EC0-301F-11D3-BF4B-00C04F79EFBC}") = "Identity.API", "Services\Identity\Identity.API\Identity.API.csproj", "{A7C180D0-013A-4C67-A8FD-CA60A55708BA}"
EndProject
Project("{FAE04EC0-301F-11D3-BF4B-00C04F79EFBC}") = "Identity.Domain", "Services\Identity\Identity.Domain\Identity.Domain.csproj", "{D41D9820-6105-42A4-84B2-E8356D8E058B}"
EndProject
Project("{FAE04EC0-301F-11D3-BF4B-00C04F79EFBC}") = "Identity.Infrastructure", "Services\Identity\Identity.Infrastructure\Identity.Infrastructure.csproj", "{1CB833EE-57BE-4145-8A0A-A9444401C50B}"
EndProject
Project("{FAE04EC0-301F-11D3-BF4B-00C04F79EFBC}") = "Identity.Application", "Services\Identity\Identity.Application\Identity.Application.csproj", "{2A7CB4E9-C601-4F97-95B4-CC61B60CC360}"
EndProject
Global
	GlobalSection(SolutionConfigurationPlatforms) = preSolution
		Debug|Any CPU = Debug|Any CPU
		Debug|x64 = Debug|x64
		Debug|x86 = Debug|x86
		Release|Any CPU = Release|Any CPU
		Release|x64 = Release|x64
		Release|x86 = Release|x86
	EndGlobalSection
	GlobalSection(ProjectConfigurationPlatforms) = postSolution
		{DCBDA87D-E02D-42F9-BAD8-693827D1434F}.Debug|Any CPU.ActiveCfg = Debug|Any CPU
		{DCBDA87D-E02D-42F9-BAD8-693827D1434F}.Debug|Any CPU.Build.0 = Debug|Any CPU
		{DCBDA87D-E02D-42F9-BAD8-693827D1434F}.Debug|x64.ActiveCfg = Debug|Any CPU
		{DCBDA87D-E02D-42F9-BAD8-693827D1434F}.Debug|x64.Build.0 = Debug|Any CPU
		{DCBDA87D-E02D-42F9-BAD8-693827D1434F}.Debug|x86.ActiveCfg = Debug|Any CPU
		{DCBDA87D-E02D-42F9-BAD8-693827D1434F}.Debug|x86.Build.0 = Debug|Any CPU
		{DCBDA87D-E02D-42F9-BAD8-693827D1434F}.Release|Any CPU.ActiveCfg = Release|Any CPU
		{DCBDA87D-E02D-42F9-BAD8-693827D1434F}.Release|Any CPU.Build.0 = Release|Any CPU
		{DCBDA87D-E02D-42F9-BAD8-693827D1434F}.Release|x64.ActiveCfg = Release|Any CPU
		{DCBDA87D-E02D-42F9-BAD8-693827D1434F}.Release|x64.Build.0 = Release|Any CPU
		{DCBDA87D-E02D-42F9-BAD8-693827D1434F}.Release|x86.ActiveCfg = Release|Any CPU
		{DCBDA87D-E02D-42F9-BAD8-693827D1434F}.Release|x86.Build.0 = Release|Any CPU
		{4166D863-969A-4962-B144-76C2B964CA84}.Debug|Any CPU.ActiveCfg = Debug|Any CPU
		{4166D863-969A-4962-B144-76C2B964CA84}.Debug|Any CPU.Build.0 = Debug|Any CPU
		{4166D863-969A-4962-B144-76C2B964CA84}.Debug|x64.ActiveCfg = Debug|Any CPU
		{4166D863-969A-4962-B144-76C2B964CA84}.Debug|x64.Build.0 = Debug|Any CPU
		{4166D863-969A-4962-B144-76C2B964CA84}.Debug|x86.ActiveCfg = Debug|Any CPU
		{4166D863-969A-4962-B144-76C2B964CA84}.Debug|x86.Build.0 = Debug|Any CPU
		{4166D863-969A-4962-B144-76C2B964CA84}.Release|Any CPU.ActiveCfg = Release|Any CPU
		{4166D863-969A-4962-B144-76C2B964CA84}.Release|Any CPU.Build.0 = Release|Any CPU
		{4166D863-969A-4962-B144-76C2B964CA84}.Release|x64.ActiveCfg = Release|Any CPU
		{4166D863-969A-4962-B144-76C2B964CA84}.Release|x64.Build.0 = Release|Any CPU
		{4166D863-969A-4962-B144-76C2B964CA84}.Release|x86.ActiveCfg = Release|Any CPU
		{4166D863-969A-4962-B144-76C2B964CA84}.Release|x86.Build.0 = Release|Any CPU
		{82E20107-43CF-4725-B9CF-2564B8F4A8DA}.Debug|Any CPU.ActiveCfg = Debug|Any CPU
		{82E20107-43CF-4725-B9CF-2564B8F4A8DA}.Debug|Any CPU.Build.0 = Debug|Any CPU
		{82E20107-43CF-4725-B9CF-2564B8F4A8DA}.Debug|x64.ActiveCfg = Debug|Any CPU
		{82E20107-43CF-4725-B9CF-2564B8F4A8DA}.Debug|x64.Build.0 = Debug|Any CPU
		{82E20107-43CF-4725-B9CF-2564B8F4A8DA}.Debug|x86.ActiveCfg = Debug|Any CPU
		{82E20107-43CF-4725-B9CF-2564B8F4A8DA}.Debug|x86.Build.0 = Debug|Any CPU
		{82E20107-43CF-4725-B9CF-2564B8F4A8DA}.Release|Any CPU.ActiveCfg = Release|Any CPU
		{82E20107-43CF-4725-B9CF-2564B8F4A8DA}.Release|Any CPU.Build.0 = Release|Any CPU
		{82E20107-43CF-4725-B9CF-2564B8F4A8DA}.Release|x64.ActiveCfg = Release|Any CPU
		{82E20107-43CF-4725-B9CF-2564B8F4A8DA}.Release|x64.Build.0 = Release|Any CPU
		{82E20107-43CF-4725-B9CF-2564B8F4A8DA}.Release|x86.ActiveCfg = Release|Any CPU
		{82E20107-43CF-4725-B9CF-2564B8F4A8DA}.Release|x86.Build.0 = Release|Any CPU
		{7E7B9BE5-0372-490C-B0F0-FA3D1B5914A9}.Debug|Any CPU.ActiveCfg = Debug|Any CPU
		{7E7B9BE5-0372-490C-B0F0-FA3D1B5914A9}.Debug|Any CPU.Build.0 = Debug|Any CPU
		{7E7B9BE5-0372-490C-B0F0-FA3D1B5914A9}.Debug|x64.ActiveCfg = Debug|Any CPU
		{7E7B9BE5-0372-490C-B0F0-FA3D1B5914A9}.Debug|x64.Build.0 = Debug|Any CPU
		{7E7B9BE5-0372-490C-B0F0-FA3D1B5914A9}.Debug|x86.ActiveCfg = Debug|Any CPU
		{7E7B9BE5-0372-490C-B0F0-FA3D1B5914A9}.Debug|x86.Build.0 = Debug|Any CPU
		{7E7B9BE5-0372-490C-B0F0-FA3D1B5914A9}.Release|Any CPU.ActiveCfg = Release|Any CPU
		{7E7B9BE5-0372-490C-B0F0-FA3D1B5914A9}.Release|Any CPU.Build.0 = Release|Any CPU
		{7E7B9BE5-0372-490C-B0F0-FA3D1B5914A9}.Release|x64.ActiveCfg = Release|Any CPU
		{7E7B9BE5-0372-490C-B0F0-FA3D1B5914A9}.Release|x64.Build.0 = Release|Any CPU
		{7E7B9BE5-0372-490C-B0F0-FA3D1B5914A9}.Release|x86.ActiveCfg = Release|Any CPU
		{7E7B9BE5-0372-490C-B0F0-FA3D1B5914A9}.Release|x86.Build.0 = Release|Any CPU
		{BF51C05E-6972-4E54-B128-0E79E180005F}.Debug|Any CPU.ActiveCfg = Debug|Any CPU
		{BF51C05E-6972-4E54-B128-0E79E180005F}.Debug|Any CPU.Build.0 = Debug|Any CPU
		{BF51C05E-6972-4E54-B128-0E79E180005F}.Debug|x64.ActiveCfg = Debug|Any CPU
		{BF51C05E-6972-4E54-B128-0E79E180005F}.Debug|x64.Build.0 = Debug|Any CPU
		{BF51C05E-6972-4E54-B128-0E79E180005F}.Debug|x86.ActiveCfg = Debug|Any CPU
		{BF51C05E-6972-4E54-B128-0E79E180005F}.Debug|x86.Build.0 = Debug|Any CPU
		{BF51C05E-6972-4E54-B128-0E79E180005F}.Release|Any CPU.ActiveCfg = Release|Any CPU
		{BF51C05E-6972-4E54-B128-0E79E180005F}.Release|Any CPU.Build.0 = Release|Any CPU
		{BF51C05E-6972-4E54-B128-0E79E180005F}.Release|x64.ActiveCfg = Release|Any CPU
		{BF51C05E-6972-4E54-B128-0E79E180005F}.Release|x64.Build.0 = Release|Any CPU
		{BF51C05E-6972-4E54-B128-0E79E180005F}.Release|x86.ActiveCfg = Release|Any CPU
		{BF51C05E-6972-4E54-B128-0E79E180005F}.Release|x86.Build.0 = Release|Any CPU
		{A7C180D0-013A-4C67-A8FD-CA60A55708BA}.Debug|Any CPU.ActiveCfg = Debug|Any CPU
		{A7C180D0-013A-4C67-A8FD-CA60A55708BA}.Debug|Any CPU.Build.0 = Debug|Any CPU
		{A7C180D0-013A-4C67-A8FD-CA60A55708BA}.Debug|x64.ActiveCfg = Debug|Any CPU
		{A7C180D0-013A-4C67-A8FD-CA60A55708BA}.Debug|x64.Build.0 = Debug|Any CPU
		{A7C180D0-013A-4C67-A8FD-CA60A55708BA}.Debug|x86.ActiveCfg = Debug|Any CPU
		{A7C180D0-013A-4C67-A8FD-CA60A55708BA}.Debug|x86.Build.0 = Debug|Any CPU
		{A7C180D0-013A-4C67-A8FD-CA60A55708BA}.Release|Any CPU.ActiveCfg = Release|Any CPU
		{A7C180D0-013A-4C67-A8FD-CA60A55708BA}.Release|Any CPU.Build.0 = Release|Any CPU
		{A7C180D0-013A-4C67-A8FD-CA60A55708BA}.Release|x64.ActiveCfg = Release|Any CPU
		{A7C180D0-013A-4C67-A8FD-CA60A55708BA}.Release|x64.Build.0 = Release|Any CPU
		{A7C180D0-013A-4C67-A8FD-CA60A55708BA}.Release|x86.ActiveCfg = Release|Any CPU
		{A7C180D0-013A-4C67-A8FD-CA60A55708BA}.Release|x86.Build.0 = Release|Any CPU
		{D41D9820-6105-42A4-84B2-E8356D8E058B}.Debug|Any CPU.ActiveCfg = Debug|Any CPU
		{D41D9820-6105-42A4-84B2-E8356D8E058B}.Debug|Any CPU.Build.0 = Debug|Any CPU
		{D41D9820-6105-42A4-84B2-E8356D8E058B}.Debug|x64.ActiveCfg = Debug|Any CPU
		{D41D9820-6105-42A4-84B2-E8356D8E058B}.Debug|x64.Build.0 = Debug|Any CPU
		{D41D9820-6105-42A4-84B2-E8356D8E058B}.Debug|x86.ActiveCfg = Debug|Any CPU
		{D41D9820-6105-42A4-84B2-E8356D8E058B}.Debug|x86.Build.0 = Debug|Any CPU
		{D41D9820-6105-42A4-84B2-E8356D8E058B}.Release|Any CPU.ActiveCfg = Release|Any CPU
		{D41D9820-6105-42A4-84B2-E8356D8E058B}.Release|Any CPU.Build.0 = Release|Any CPU
		{D41D9820-6105-42A4-84B2-E8356D8E058B}.Release|x64.ActiveCfg = Release|Any CPU
		{D41D9820-6105-42A4-84B2-E8356D8E058B}.Release|x64.Build.0 = Release|Any CPU
		{D41D9820-6105-42A4-84B2-E8356D8E058B}.Release|x86.ActiveCfg = Release|Any CPU
		{D41D9820-6105-42A4-84B2-E8356D8E058B}.Release|x86.Build.0 = Release|Any CPU
		{1CB833EE-57BE-4145-8A0A-A9444401C50B}.Debug|Any CPU.ActiveCfg = Debug|Any CPU
		{1CB833EE-57BE-4145-8A0A-A9444401C50B}.Debug|Any CPU.Build.0 = Debug|Any CPU
		{1CB833EE-57BE-4145-8A0A-A9444401C50B}.Debug|x64.ActiveCfg = Debug|Any CPU
		{1CB833EE-57BE-4145-8A0A-A9444401C50B}.Debug|x64.Build.0 = Debug|Any CPU
		{1CB833EE-57BE-4145-8A0A-A9444401C50B}.Debug|x86.ActiveCfg = Debug|Any CPU
		{1CB833EE-57BE-4145-8A0A-A9444401C50B}.Debug|x86.Build.0 = Debug|Any CPU
		{1CB833EE-57BE-4145-8A0A-A9444401C50B}.Release|Any CPU.ActiveCfg = Release|Any CPU
		{1CB833EE-57BE-4145-8A0A-A9444401C50B}.Release|Any CPU.Build.0 = Release|Any CPU
		{1CB833EE-57BE-4145-8A0A-A9444401C50B}.Release|x64.ActiveCfg = Release|Any CPU
		{1CB833EE-57BE-4145-8A0A-A9444401C50B}.Release|x64.Build.0 = Release|Any CPU
		{1CB833EE-57BE-4145-8A0A-A9444401C50B}.Release|x86.ActiveCfg = Release|Any CPU
		{1CB833EE-57BE-4145-8A0A-A9444401C50B}.Release|x86.Build.0 = Release|Any CPU
		{2A7CB4E9-C601-4F97-95B4-CC61B60CC360}.Debug|Any CPU.ActiveCfg = Debug|Any CPU
		{2A7CB4E9-C601-4F97-95B4-CC61B60CC360}.Debug|Any CPU.Build.0 = Debug|Any CPU
		{2A7CB4E9-C601-4F97-95B4-CC61B60CC360}.Debug|x64.ActiveCfg = Debug|Any CPU
		{2A7CB4E9-C601-4F97-95B4-CC61B60CC360}.Debug|x64.Build.0 = Debug|Any CPU
		{2A7CB4E9-C601-4F97-95B4-CC61B60CC360}.Debug|x86.ActiveCfg = Debug|Any CPU
		{2A7CB4E9-C601-4F97-95B4-CC61B60CC360}.Debug|x86.Build.0 = Debug|Any CPU
		{2A7CB4E9-C601-4F97-95B4-CC61B60CC360}.Release|Any CPU.ActiveCfg = Release|Any CPU
		{2A7CB4E9-C601-4F97-95B4-CC61B60CC360}.Release|Any CPU.Build.0 = Release|Any CPU
		{2A7CB4E9-C601-4F97-95B4-CC61B60CC360}.Release|x64.ActiveCfg = Release|Any CPU
		{2A7CB4E9-C601-4F97-95B4-CC61B60CC360}.Release|x64.Build.0 = Release|Any CPU
		{2A7CB4E9-C601-4F97-95B4-CC61B60CC360}.Release|x86.ActiveCfg = Release|Any CPU
		{2A7CB4E9-C601-4F97-95B4-CC61B60CC360}.Release|x86.Build.0 = Release|Any CPU
	EndGlobalSection
	GlobalSection(SolutionProperties) = preSolution
		HideSolutionNode = FALSE
	EndGlobalSection
	GlobalSection(NestedProjects) = preSolution
		{96888889-FC81-1FD9-7DA3-65FF32B7E052} = {5854FF58-B8C5-05C6-5BF2-ACE42193F22B}
		{BF51C05E-6972-4E54-B128-0E79E180005F} = {96888889-FC81-1FD9-7DA3-65FF32B7E052}
		{357A7C97-5AE1-023F-1442-0D9F9AF22A31} = {5854FF58-B8C5-05C6-5BF2-ACE42193F22B}
		{A7C180D0-013A-4C67-A8FD-CA60A55708BA} = {357A7C97-5AE1-023F-1442-0D9F9AF22A31}
		{D41D9820-6105-42A4-84B2-E8356D8E058B} = {357A7C97-5AE1-023F-1442-0D9F9AF22A31}
		{1CB833EE-57BE-4145-8A0A-A9444401C50B} = {357A7C97-5AE1-023F-1442-0D9F9AF22A31}
		{2A7CB4E9-C601-4F97-95B4-CC61B60CC360} = {357A7C97-5AE1-023F-1442-0D9F9AF22A31}
	EndGlobalSection
EndGlobal
